
Microsoft Visual Studio Solution File, Format Version 12.00
# Visual Studio 15
VisualStudioVersion = 15.0.26923.0
MinimumVisualStudioVersion = 10.0.40219.1
Project("{FAE04EC0-301F-11D3-BF4B-00C04F79EFBC}") = "BRiser.Android", "BRiser\BRiser.Android\BRiser.Android.csproj", "{03302845-E5D8-4ABC-8BE7-B48787A28E7E}"
EndProject
Project("{FAE04EC0-301F-11D3-BF4B-00C04F79EFBC}") = "BRiser", "BRiser\BRiser\BRiser.csproj", "{B158A93B-C968-4AB8-95F6-C7E477A831B5}"
EndProject
Project("{FAE04EC0-301F-11D3-BF4B-00C04F79EFBC}") = "BRiser.UWP", "BRiser\BRiser.UWP\BRiser.UWP.csproj", "{B817F5E6-AB19-4047-B6E7-8330956F7669}"
EndProject
Project("{FAE04EC0-301F-11D3-BF4B-00C04F79EFBC}") = "BRiser.iOS", "BRiser\BRiser.iOS\BRiser.iOS.csproj", "{CDB48B1A-B0D1-472B-A407-E9283623E92A}"
EndProject
Global
	GlobalSection(SolutionConfigurationPlatforms) = preSolution
		Ad-Hoc|Any CPU = Ad-Hoc|Any CPU
		Ad-Hoc|ARM = Ad-Hoc|ARM
		Ad-Hoc|iPhone = Ad-Hoc|iPhone
		Ad-Hoc|iPhoneSimulator = Ad-Hoc|iPhoneSimulator
		Ad-Hoc|x64 = Ad-Hoc|x64
		Ad-Hoc|x86 = Ad-Hoc|x86
		AppStore|Any CPU = AppStore|Any CPU
		AppStore|ARM = AppStore|ARM
		AppStore|iPhone = AppStore|iPhone
		AppStore|iPhoneSimulator = AppStore|iPhoneSimulator
		AppStore|x64 = AppStore|x64
		AppStore|x86 = AppStore|x86
		Debug|Any CPU = Debug|Any CPU
		Debug|ARM = Debug|ARM
		Debug|iPhone = Debug|iPhone
		Debug|iPhoneSimulator = Debug|iPhoneSimulator
		Debug|x64 = Debug|x64
		Debug|x86 = Debug|x86
		Release|Any CPU = Release|Any CPU
		Release|ARM = Release|ARM
		Release|iPhone = Release|iPhone
		Release|iPhoneSimulator = Release|iPhoneSimulator
		Release|x64 = Release|x64
		Release|x86 = Release|x86
	EndGlobalSection
	GlobalSection(ProjectConfigurationPlatforms) = postSolution
		{03302845-E5D8-4ABC-8BE7-B48787A28E7E}.Ad-Hoc|Any CPU.ActiveCfg = Release|Any CPU
		{03302845-E5D8-4ABC-8BE7-B48787A28E7E}.Ad-Hoc|Any CPU.Build.0 = Release|Any CPU
		{03302845-E5D8-4ABC-8BE7-B48787A28E7E}.Ad-Hoc|Any CPU.Deploy.0 = Release|Any CPU
		{03302845-E5D8-4ABC-8BE7-B48787A28E7E}.Ad-Hoc|ARM.ActiveCfg = Release|Any CPU
		{03302845-E5D8-4ABC-8BE7-B48787A28E7E}.Ad-Hoc|ARM.Build.0 = Release|Any CPU
		{03302845-E5D8-4ABC-8BE7-B48787A28E7E}.Ad-Hoc|ARM.Deploy.0 = Release|Any CPU
		{03302845-E5D8-4ABC-8BE7-B48787A28E7E}.Ad-Hoc|iPhone.ActiveCfg = Release|Any CPU
		{03302845-E5D8-4ABC-8BE7-B48787A28E7E}.Ad-Hoc|iPhone.Build.0 = Release|Any CPU
		{03302845-E5D8-4ABC-8BE7-B48787A28E7E}.Ad-Hoc|iPhone.Deploy.0 = Release|Any CPU
		{03302845-E5D8-4ABC-8BE7-B48787A28E7E}.Ad-Hoc|iPhoneSimulator.ActiveCfg = Release|Any CPU
		{03302845-E5D8-4ABC-8BE7-B48787A28E7E}.Ad-Hoc|iPhoneSimulator.Build.0 = Release|Any CPU
		{03302845-E5D8-4ABC-8BE7-B48787A28E7E}.Ad-Hoc|iPhoneSimulator.Deploy.0 = Release|Any CPU
		{03302845-E5D8-4ABC-8BE7-B48787A28E7E}.Ad-Hoc|x64.ActiveCfg = Release|Any CPU
		{03302845-E5D8-4ABC-8BE7-B48787A28E7E}.Ad-Hoc|x64.Build.0 = Release|Any CPU
		{03302845-E5D8-4ABC-8BE7-B48787A28E7E}.Ad-Hoc|x64.Deploy.0 = Release|Any CPU
		{03302845-E5D8-4ABC-8BE7-B48787A28E7E}.Ad-Hoc|x86.ActiveCfg = Release|Any CPU
		{03302845-E5D8-4ABC-8BE7-B48787A28E7E}.Ad-Hoc|x86.Build.0 = Release|Any CPU
		{03302845-E5D8-4ABC-8BE7-B48787A28E7E}.Ad-Hoc|x86.Deploy.0 = Release|Any CPU
		{03302845-E5D8-4ABC-8BE7-B48787A28E7E}.AppStore|Any CPU.ActiveCfg = Release|Any CPU
		{03302845-E5D8-4ABC-8BE7-B48787A28E7E}.AppStore|Any CPU.Build.0 = Release|Any CPU
		{03302845-E5D8-4ABC-8BE7-B48787A28E7E}.AppStore|Any CPU.Deploy.0 = Release|Any CPU
		{03302845-E5D8-4ABC-8BE7-B48787A28E7E}.AppStore|ARM.ActiveCfg = Release|Any CPU
		{03302845-E5D8-4ABC-8BE7-B48787A28E7E}.AppStore|ARM.Build.0 = Release|Any CPU
		{03302845-E5D8-4ABC-8BE7-B48787A28E7E}.AppStore|ARM.Deploy.0 = Release|Any CPU
		{03302845-E5D8-4ABC-8BE7-B48787A28E7E}.AppStore|iPhone.ActiveCfg = Release|Any CPU
		{03302845-E5D8-4ABC-8BE7-B48787A28E7E}.AppStore|iPhone.Build.0 = Release|Any CPU
		{03302845-E5D8-4ABC-8BE7-B48787A28E7E}.AppStore|iPhone.Deploy.0 = Release|Any CPU
		{03302845-E5D8-4ABC-8BE7-B48787A28E7E}.AppStore|iPhoneSimulator.ActiveCfg = Release|Any CPU
		{03302845-E5D8-4ABC-8BE7-B48787A28E7E}.AppStore|iPhoneSimulator.Build.0 = Release|Any CPU
		{03302845-E5D8-4ABC-8BE7-B48787A28E7E}.AppStore|iPhoneSimulator.Deploy.0 = Release|Any CPU
		{03302845-E5D8-4ABC-8BE7-B48787A28E7E}.AppStore|x64.ActiveCfg = Release|Any CPU
		{03302845-E5D8-4ABC-8BE7-B48787A28E7E}.AppStore|x64.Build.0 = Release|Any CPU
		{03302845-E5D8-4ABC-8BE7-B48787A28E7E}.AppStore|x64.Deploy.0 = Release|Any CPU
		{03302845-E5D8-4ABC-8BE7-B48787A28E7E}.AppStore|x86.ActiveCfg = Release|Any CPU
		{03302845-E5D8-4ABC-8BE7-B48787A28E7E}.AppStore|x86.Build.0 = Release|Any CPU
		{03302845-E5D8-4ABC-8BE7-B48787A28E7E}.AppStore|x86.Deploy.0 = Release|Any CPU
		{03302845-E5D8-4ABC-8BE7-B48787A28E7E}.Debug|Any CPU.ActiveCfg = Debug|Any CPU
		{03302845-E5D8-4ABC-8BE7-B48787A28E7E}.Debug|Any CPU.Build.0 = Debug|Any CPU
		{03302845-E5D8-4ABC-8BE7-B48787A28E7E}.Debug|Any CPU.Deploy.0 = Debug|Any CPU
		{03302845-E5D8-4ABC-8BE7-B48787A28E7E}.Debug|ARM.ActiveCfg = Debug|Any CPU
		{03302845-E5D8-4ABC-8BE7-B48787A28E7E}.Debug|ARM.Build.0 = Debug|Any CPU
		{03302845-E5D8-4ABC-8BE7-B48787A28E7E}.Debug|ARM.Deploy.0 = Debug|Any CPU
		{03302845-E5D8-4ABC-8BE7-B48787A28E7E}.Debug|iPhone.ActiveCfg = Debug|Any CPU
		{03302845-E5D8-4ABC-8BE7-B48787A28E7E}.Debug|iPhone.Build.0 = Debug|Any CPU
		{03302845-E5D8-4ABC-8BE7-B48787A28E7E}.Debug|iPhone.Deploy.0 = Debug|Any CPU
		{03302845-E5D8-4ABC-8BE7-B48787A28E7E}.Debug|iPhoneSimulator.ActiveCfg = Debug|Any CPU
		{03302845-E5D8-4ABC-8BE7-B48787A28E7E}.Debug|iPhoneSimulator.Build.0 = Debug|Any CPU
		{03302845-E5D8-4ABC-8BE7-B48787A28E7E}.Debug|iPhoneSimulator.Deploy.0 = Debug|Any CPU
		{03302845-E5D8-4ABC-8BE7-B48787A28E7E}.Debug|x64.ActiveCfg = Debug|Any CPU
		{03302845-E5D8-4ABC-8BE7-B48787A28E7E}.Debug|x64.Build.0 = Debug|Any CPU
		{03302845-E5D8-4ABC-8BE7-B48787A28E7E}.Debug|x64.Deploy.0 = Debug|Any CPU
		{03302845-E5D8-4ABC-8BE7-B48787A28E7E}.Debug|x86.ActiveCfg = Debug|Any CPU
		{03302845-E5D8-4ABC-8BE7-B48787A28E7E}.Debug|x86.Build.0 = Debug|Any CPU
		{03302845-E5D8-4ABC-8BE7-B48787A28E7E}.Debug|x86.Deploy.0 = Debug|Any CPU
		{03302845-E5D8-4ABC-8BE7-B48787A28E7E}.Release|Any CPU.ActiveCfg = Release|Any CPU
		{03302845-E5D8-4ABC-8BE7-B48787A28E7E}.Release|Any CPU.Build.0 = Release|Any CPU
		{03302845-E5D8-4ABC-8BE7-B48787A28E7E}.Release|Any CPU.Deploy.0 = Release|Any CPU
		{03302845-E5D8-4ABC-8BE7-B48787A28E7E}.Release|ARM.ActiveCfg = Release|Any CPU
		{03302845-E5D8-4ABC-8BE7-B48787A28E7E}.Release|ARM.Build.0 = Release|Any CPU
		{03302845-E5D8-4ABC-8BE7-B48787A28E7E}.Release|ARM.Deploy.0 = Release|Any CPU
		{03302845-E5D8-4ABC-8BE7-B48787A28E7E}.Release|iPhone.ActiveCfg = Release|Any CPU
		{03302845-E5D8-4ABC-8BE7-B48787A28E7E}.Release|iPhone.Build.0 = Release|Any CPU
		{03302845-E5D8-4ABC-8BE7-B48787A28E7E}.Release|iPhone.Deploy.0 = Release|Any CPU
		{03302845-E5D8-4ABC-8BE7-B48787A28E7E}.Release|iPhoneSimulator.ActiveCfg = Release|Any CPU
		{03302845-E5D8-4ABC-8BE7-B48787A28E7E}.Release|iPhoneSimulator.Build.0 = Release|Any CPU
		{03302845-E5D8-4ABC-8BE7-B48787A28E7E}.Release|iPhoneSimulator.Deploy.0 = Release|Any CPU
		{03302845-E5D8-4ABC-8BE7-B48787A28E7E}.Release|x64.ActiveCfg = Release|Any CPU
		{03302845-E5D8-4ABC-8BE7-B48787A28E7E}.Release|x64.Build.0 = Release|Any CPU
		{03302845-E5D8-4ABC-8BE7-B48787A28E7E}.Release|x64.Deploy.0 = Release|Any CPU
		{03302845-E5D8-4ABC-8BE7-B48787A28E7E}.Release|x86.ActiveCfg = Release|Any CPU
		{03302845-E5D8-4ABC-8BE7-B48787A28E7E}.Release|x86.Build.0 = Release|Any CPU
		{03302845-E5D8-4ABC-8BE7-B48787A28E7E}.Release|x86.Deploy.0 = Release|Any CPU
		{B158A93B-C968-4AB8-95F6-C7E477A831B5}.Ad-Hoc|Any CPU.ActiveCfg = Release|Any CPU
		{B158A93B-C968-4AB8-95F6-C7E477A831B5}.Ad-Hoc|Any CPU.Build.0 = Release|Any CPU
		{B158A93B-C968-4AB8-95F6-C7E477A831B5}.Ad-Hoc|ARM.ActiveCfg = Release|Any CPU
		{B158A93B-C968-4AB8-95F6-C7E477A831B5}.Ad-Hoc|ARM.Build.0 = Release|Any CPU
		{B158A93B-C968-4AB8-95F6-C7E477A831B5}.Ad-Hoc|iPhone.ActiveCfg = Release|Any CPU
		{B158A93B-C968-4AB8-95F6-C7E477A831B5}.Ad-Hoc|iPhone.Build.0 = Release|Any CPU
		{B158A93B-C968-4AB8-95F6-C7E477A831B5}.Ad-Hoc|iPhoneSimulator.ActiveCfg = Release|Any CPU
		{B158A93B-C968-4AB8-95F6-C7E477A831B5}.Ad-Hoc|iPhoneSimulator.Build.0 = Release|Any CPU
		{B158A93B-C968-4AB8-95F6-C7E477A831B5}.Ad-Hoc|x64.ActiveCfg = Release|Any CPU
		{B158A93B-C968-4AB8-95F6-C7E477A831B5}.Ad-Hoc|x64.Build.0 = Release|Any CPU
		{B158A93B-C968-4AB8-95F6-C7E477A831B5}.Ad-Hoc|x86.ActiveCfg = Release|Any CPU
		{B158A93B-C968-4AB8-95F6-C7E477A831B5}.Ad-Hoc|x86.Build.0 = Release|Any CPU
		{B158A93B-C968-4AB8-95F6-C7E477A831B5}.AppStore|Any CPU.ActiveCfg = Release|Any CPU
		{B158A93B-C968-4AB8-95F6-C7E477A831B5}.AppStore|Any CPU.Build.0 = Release|Any CPU
		{B158A93B-C968-4AB8-95F6-C7E477A831B5}.AppStore|ARM.ActiveCfg = Release|Any CPU
		{B158A93B-C968-4AB8-95F6-C7E477A831B5}.AppStore|ARM.Build.0 = Release|Any CPU
		{B158A93B-C968-4AB8-95F6-C7E477A831B5}.AppStore|iPhone.ActiveCfg = Release|Any CPU
		{B158A93B-C968-4AB8-95F6-C7E477A831B5}.AppStore|iPhone.Build.0 = Release|Any CPU
		{B158A93B-C968-4AB8-95F6-C7E477A831B5}.AppStore|iPhoneSimulator.ActiveCfg = Release|Any CPU
		{B158A93B-C968-4AB8-95F6-C7E477A831B5}.AppStore|iPhoneSimulator.Build.0 = Release|Any CPU
		{B158A93B-C968-4AB8-95F6-C7E477A831B5}.AppStore|x64.ActiveCfg = Release|Any CPU
		{B158A93B-C968-4AB8-95F6-C7E477A831B5}.AppStore|x64.Build.0 = Release|Any CPU
		{B158A93B-C968-4AB8-95F6-C7E477A831B5}.AppStore|x86.ActiveCfg = Release|Any CPU
		{B158A93B-C968-4AB8-95F6-C7E477A831B5}.AppStore|x86.Build.0 = Release|Any CPU
		{B158A93B-C968-4AB8-95F6-C7E477A831B5}.Debug|Any CPU.ActiveCfg = Debug|Any CPU
		{B158A93B-C968-4AB8-95F6-C7E477A831B5}.Debug|Any CPU.Build.0 = Debug|Any CPU
		{B158A93B-C968-4AB8-95F6-C7E477A831B5}.Debug|ARM.ActiveCfg = Debug|Any CPU
		{B158A93B-C968-4AB8-95F6-C7E477A831B5}.Debug|ARM.Build.0 = Debug|Any CPU
		{B158A93B-C968-4AB8-95F6-C7E477A831B5}.Debug|iPhone.ActiveCfg = Debug|Any CPU
		{B158A93B-C968-4AB8-95F6-C7E477A831B5}.Debug|iPhone.Build.0 = Debug|Any CPU
		{B158A93B-C968-4AB8-95F6-C7E477A831B5}.Debug|iPhoneSimulator.ActiveCfg = Debug|Any CPU
		{B158A93B-C968-4AB8-95F6-C7E477A831B5}.Debug|iPhoneSimulator.Build.0 = Debug|Any CPU
		{B158A93B-C968-4AB8-95F6-C7E477A831B5}.Debug|x64.ActiveCfg = Debug|Any CPU
		{B158A93B-C968-4AB8-95F6-C7E477A831B5}.Debug|x64.Build.0 = Debug|Any CPU
		{B158A93B-C968-4AB8-95F6-C7E477A831B5}.Debug|x86.ActiveCfg = Debug|Any CPU
		{B158A93B-C968-4AB8-95F6-C7E477A831B5}.Debug|x86.Build.0 = Debug|Any CPU
		{B158A93B-C968-4AB8-95F6-C7E477A831B5}.Release|Any CPU.ActiveCfg = Release|Any CPU
		{B158A93B-C968-4AB8-95F6-C7E477A831B5}.Release|Any CPU.Build.0 = Release|Any CPU
		{B158A93B-C968-4AB8-95F6-C7E477A831B5}.Release|ARM.ActiveCfg = Release|Any CPU
		{B158A93B-C968-4AB8-95F6-C7E477A831B5}.Release|ARM.Build.0 = Release|Any CPU
		{B158A93B-C968-4AB8-95F6-C7E477A831B5}.Release|iPhone.ActiveCfg = Release|Any CPU
		{B158A93B-C968-4AB8-95F6-C7E477A831B5}.Release|iPhone.Build.0 = Release|Any CPU
		{B158A93B-C968-4AB8-95F6-C7E477A831B5}.Release|iPhoneSimulator.ActiveCfg = Release|Any CPU
		{B158A93B-C968-4AB8-95F6-C7E477A831B5}.Release|iPhoneSimulator.Build.0 = Release|Any CPU
		{B158A93B-C968-4AB8-95F6-C7E477A831B5}.Release|x64.ActiveCfg = Release|Any CPU
		{B158A93B-C968-4AB8-95F6-C7E477A831B5}.Release|x64.Build.0 = Release|Any CPU
		{B158A93B-C968-4AB8-95F6-C7E477A831B5}.Release|x86.ActiveCfg = Release|Any CPU
		{B158A93B-C968-4AB8-95F6-C7E477A831B5}.Release|x86.Build.0 = Release|Any CPU
		{B817F5E6-AB19-4047-B6E7-8330956F7669}.Ad-Hoc|Any CPU.ActiveCfg = Release|x86
		{B817F5E6-AB19-4047-B6E7-8330956F7669}.Ad-Hoc|Any CPU.Build.0 = Release|x86
		{B817F5E6-AB19-4047-B6E7-8330956F7669}.Ad-Hoc|Any CPU.Deploy.0 = Release|x86
		{B817F5E6-AB19-4047-B6E7-8330956F7669}.Ad-Hoc|ARM.ActiveCfg = Release|ARM
		{B817F5E6-AB19-4047-B6E7-8330956F7669}.Ad-Hoc|ARM.Build.0 = Release|ARM
		{B817F5E6-AB19-4047-B6E7-8330956F7669}.Ad-Hoc|ARM.Deploy.0 = Release|ARM
		{B817F5E6-AB19-4047-B6E7-8330956F7669}.Ad-Hoc|iPhone.ActiveCfg = Release|x86
		{B817F5E6-AB19-4047-B6E7-8330956F7669}.Ad-Hoc|iPhone.Build.0 = Release|x86
		{B817F5E6-AB19-4047-B6E7-8330956F7669}.Ad-Hoc|iPhone.Deploy.0 = Release|x86
		{B817F5E6-AB19-4047-B6E7-8330956F7669}.Ad-Hoc|iPhoneSimulator.ActiveCfg = Release|x86
		{B817F5E6-AB19-4047-B6E7-8330956F7669}.Ad-Hoc|iPhoneSimulator.Build.0 = Release|x86
		{B817F5E6-AB19-4047-B6E7-8330956F7669}.Ad-Hoc|iPhoneSimulator.Deploy.0 = Release|x86
		{B817F5E6-AB19-4047-B6E7-8330956F7669}.Ad-Hoc|x64.ActiveCfg = Release|x64
		{B817F5E6-AB19-4047-B6E7-8330956F7669}.Ad-Hoc|x64.Build.0 = Release|x64
		{B817F5E6-AB19-4047-B6E7-8330956F7669}.Ad-Hoc|x64.Deploy.0 = Release|x64
		{B817F5E6-AB19-4047-B6E7-8330956F7669}.Ad-Hoc|x86.ActiveCfg = Release|x86
		{B817F5E6-AB19-4047-B6E7-8330956F7669}.Ad-Hoc|x86.Build.0 = Release|x86
		{B817F5E6-AB19-4047-B6E7-8330956F7669}.Ad-Hoc|x86.Deploy.0 = Release|x86
		{B817F5E6-AB19-4047-B6E7-8330956F7669}.AppStore|Any CPU.ActiveCfg = Release|x86
		{B817F5E6-AB19-4047-B6E7-8330956F7669}.AppStore|Any CPU.Build.0 = Release|x86
		{B817F5E6-AB19-4047-B6E7-8330956F7669}.AppStore|Any CPU.Deploy.0 = Release|x86
		{B817F5E6-AB19-4047-B6E7-8330956F7669}.AppStore|ARM.ActiveCfg = Release|ARM
		{B817F5E6-AB19-4047-B6E7-8330956F7669}.AppStore|ARM.Build.0 = Release|ARM
		{B817F5E6-AB19-4047-B6E7-8330956F7669}.AppStore|ARM.Deploy.0 = Release|ARM
		{B817F5E6-AB19-4047-B6E7-8330956F7669}.AppStore|iPhone.ActiveCfg = Release|x86
		{B817F5E6-AB19-4047-B6E7-8330956F7669}.AppStore|iPhone.Build.0 = Release|x86
		{B817F5E6-AB19-4047-B6E7-8330956F7669}.AppStore|iPhone.Deploy.0 = Release|x86
		{B817F5E6-AB19-4047-B6E7-8330956F7669}.AppStore|iPhoneSimulator.ActiveCfg = Release|x86
		{B817F5E6-AB19-4047-B6E7-8330956F7669}.AppStore|iPhoneSimulator.Build.0 = Release|x86
		{B817F5E6-AB19-4047-B6E7-8330956F7669}.AppStore|iPhoneSimulator.Deploy.0 = Release|x86
		{B817F5E6-AB19-4047-B6E7-8330956F7669}.AppStore|x64.ActiveCfg = Release|x64
		{B817F5E6-AB19-4047-B6E7-8330956F7669}.AppStore|x64.Build.0 = Release|x64
		{B817F5E6-AB19-4047-B6E7-8330956F7669}.AppStore|x64.Deploy.0 = Release|x64
		{B817F5E6-AB19-4047-B6E7-8330956F7669}.AppStore|x86.ActiveCfg = Release|x86
		{B817F5E6-AB19-4047-B6E7-8330956F7669}.AppStore|x86.Build.0 = Release|x86
		{B817F5E6-AB19-4047-B6E7-8330956F7669}.AppStore|x86.Deploy.0 = Release|x86
		{B817F5E6-AB19-4047-B6E7-8330956F7669}.Debug|Any CPU.ActiveCfg = Debug|x86
		{B817F5E6-AB19-4047-B6E7-8330956F7669}.Debug|ARM.ActiveCfg = Debug|ARM
		{B817F5E6-AB19-4047-B6E7-8330956F7669}.Debug|ARM.Build.0 = Debug|ARM
		{B817F5E6-AB19-4047-B6E7-8330956F7669}.Debug|ARM.Deploy.0 = Debug|ARM
		{B817F5E6-AB19-4047-B6E7-8330956F7669}.Debug|iPhone.ActiveCfg = Debug|x86
		{B817F5E6-AB19-4047-B6E7-8330956F7669}.Debug|iPhoneSimulator.ActiveCfg = Debug|x86
		{B817F5E6-AB19-4047-B6E7-8330956F7669}.Debug|x64.ActiveCfg = Debug|x64
		{B817F5E6-AB19-4047-B6E7-8330956F7669}.Debug|x64.Build.0 = Debug|x64
		{B817F5E6-AB19-4047-B6E7-8330956F7669}.Debug|x64.Deploy.0 = Debug|x64
		{B817F5E6-AB19-4047-B6E7-8330956F7669}.Debug|x86.ActiveCfg = Debug|x86
		{B817F5E6-AB19-4047-B6E7-8330956F7669}.Debug|x86.Build.0 = Debug|x86
		{B817F5E6-AB19-4047-B6E7-8330956F7669}.Debug|x86.Deploy.0 = Debug|x86
		{B817F5E6-AB19-4047-B6E7-8330956F7669}.Release|Any CPU.ActiveCfg = Release|x86
		{B817F5E6-AB19-4047-B6E7-8330956F7669}.Release|ARM.ActiveCfg = Release|ARM
		{B817F5E6-AB19-4047-B6E7-8330956F7669}.Release|ARM.Build.0 = Release|ARM
		{B817F5E6-AB19-4047-B6E7-8330956F7669}.Release|ARM.Deploy.0 = Release|ARM
		{B817F5E6-AB19-4047-B6E7-8330956F7669}.Release|iPhone.ActiveCfg = Release|x86
		{B817F5E6-AB19-4047-B6E7-8330956F7669}.Release|iPhoneSimulator.ActiveCfg = Release|x86
		{B817F5E6-AB19-4047-B6E7-8330956F7669}.Release|x64.ActiveCfg = Release|x64
		{B817F5E6-AB19-4047-B6E7-8330956F7669}.Release|x64.Build.0 = Release|x64
		{B817F5E6-AB19-4047-B6E7-8330956F7669}.Release|x64.Deploy.0 = Release|x64
		{B817F5E6-AB19-4047-B6E7-8330956F7669}.Release|x86.ActiveCfg = Release|x86
		{B817F5E6-AB19-4047-B6E7-8330956F7669}.Release|x86.Build.0 = Release|x86
		{B817F5E6-AB19-4047-B6E7-8330956F7669}.Release|x86.Deploy.0 = Release|x86
		{CDB48B1A-B0D1-472B-A407-E9283623E92A}.Ad-Hoc|Any CPU.ActiveCfg = Ad-Hoc|iPhoneSimulator
		{CDB48B1A-B0D1-472B-A407-E9283623E92A}.Ad-Hoc|ARM.ActiveCfg = Ad-Hoc|iPhone
		{CDB48B1A-B0D1-472B-A407-E9283623E92A}.Ad-Hoc|iPhone.ActiveCfg = Ad-Hoc|iPhone
		{CDB48B1A-B0D1-472B-A407-E9283623E92A}.Ad-Hoc|iPhone.Build.0 = Ad-Hoc|iPhone
		{CDB48B1A-B0D1-472B-A407-E9283623E92A}.Ad-Hoc|iPhoneSimulator.ActiveCfg = Ad-Hoc|iPhoneSimulator
		{CDB48B1A-B0D1-472B-A407-E9283623E92A}.Ad-Hoc|iPhoneSimulator.Build.0 = Ad-Hoc|iPhoneSimulator
		{CDB48B1A-B0D1-472B-A407-E9283623E92A}.Ad-Hoc|x64.ActiveCfg = Ad-Hoc|iPhone
		{CDB48B1A-B0D1-472B-A407-E9283623E92A}.Ad-Hoc|x86.ActiveCfg = Ad-Hoc|iPhone
		{CDB48B1A-B0D1-472B-A407-E9283623E92A}.AppStore|Any CPU.ActiveCfg = AppStore|iPhoneSimulator
		{CDB48B1A-B0D1-472B-A407-E9283623E92A}.AppStore|ARM.ActiveCfg = AppStore|iPhone
		{CDB48B1A-B0D1-472B-A407-E9283623E92A}.AppStore|iPhone.ActiveCfg = AppStore|iPhone
		{CDB48B1A-B0D1-472B-A407-E9283623E92A}.AppStore|iPhone.Build.0 = AppStore|iPhone
		{CDB48B1A-B0D1-472B-A407-E9283623E92A}.AppStore|iPhoneSimulator.ActiveCfg = AppStore|iPhoneSimulator
		{CDB48B1A-B0D1-472B-A407-E9283623E92A}.AppStore|iPhoneSimulator.Build.0 = AppStore|iPhoneSimulator
		{CDB48B1A-B0D1-472B-A407-E9283623E92A}.AppStore|x64.ActiveCfg = AppStore|iPhone
		{CDB48B1A-B0D1-472B-A407-E9283623E92A}.AppStore|x86.ActiveCfg = AppStore|iPhone
		{CDB48B1A-B0D1-472B-A407-E9283623E92A}.Debug|Any CPU.ActiveCfg = Debug|iPhoneSimulator
		{CDB48B1A-B0D1-472B-A407-E9283623E92A}.Debug|ARM.ActiveCfg = Debug|iPhone
		{CDB48B1A-B0D1-472B-A407-E9283623E92A}.Debug|iPhone.ActiveCfg = Debug|iPhone
		{CDB48B1A-B0D1-472B-A407-E9283623E92A}.Debug|iPhone.Build.0 = Debug|iPhone
		{CDB48B1A-B0D1-472B-A407-E9283623E92A}.Debug|iPhoneSimulator.ActiveCfg = Debug|iPhoneSimulator
		{CDB48B1A-B0D1-472B-A407-E9283623E92A}.Debug|iPhoneSimulator.Build.0 = Debug|iPhoneSimulator
		{CDB48B1A-B0D1-472B-A407-E9283623E92A}.Debug|x64.ActiveCfg = Debug|iPhone
		{CDB48B1A-B0D1-472B-A407-E9283623E92A}.Debug|x86.ActiveCfg = Debug|iPhone
		{CDB48B1A-B0D1-472B-A407-E9283623E92A}.Release|Any CPU.ActiveCfg = Release|iPhoneSimulator
		{CDB48B1A-B0D1-472B-A407-E9283623E92A}.Release|ARM.ActiveCfg = Release|iPhone
		{CDB48B1A-B0D1-472B-A407-E9283623E92A}.Release|iPhone.ActiveCfg = Release|iPhone
		{CDB48B1A-B0D1-472B-A407-E9283623E92A}.Release|iPhone.Build.0 = Release|iPhone
		{CDB48B1A-B0D1-472B-A407-E9283623E92A}.Release|iPhoneSimulator.ActiveCfg = Release|iPhoneSimulator
		{CDB48B1A-B0D1-472B-A407-E9283623E92A}.Release|iPhoneSimulator.Build.0 = Release|iPhoneSimulator
		{CDB48B1A-B0D1-472B-A407-E9283623E92A}.Release|x64.ActiveCfg = Release|iPhone
		{CDB48B1A-B0D1-472B-A407-E9283623E92A}.Release|x86.ActiveCfg = Release|iPhone
	EndGlobalSection
	GlobalSection(SolutionProperties) = preSolution
		HideSolutionNode = FALSE
	EndGlobalSection
	GlobalSection(ExtensibilityGlobals) = postSolution
		SolutionGuid = {A761E187-DF70-41B5-9A46-C236DBF2E774}
	EndGlobalSection
EndGlobal
